{
  "lockfile-version": 1,
  "manifest": {
    "schema-version": "1.11.0",
    "install": {
      "esbuild": {
        "pkg-path": "esbuild"
      },
      "faust2": {
        "pkg-path": "faust2",
        "version": "2.85.5"
      },
      "flyctl": {
        "pkg-path": "flyctl"
      },
      "gh": {
        "pkg-path": "gh"
      },
      "git-lfs": {
        "pkg-path": "git-lfs"
      },
      "go-task": {
        "pkg-path": "go-task"
      },
      "nodejs_22": {
        "pkg-path": "nodejs_22",
        "version": "22.22.2"
      }
    },
    "vars": {
      "PROJECT_NAME": "inet.modular"
    },
    "hook": {
      "on-activate": "  # Initialize git-lfs in the repo on first activation\n  if [ -d \"$FLOX_ENV_PROJECT/.git\" ] && ! git -C \"$FLOX_ENV_PROJECT\" lfs env >/dev/null 2>&1; then\n    git -C \"$FLOX_ENV_PROJECT\" lfs install --local >/dev/null 2>&1 || true\n  fi\n"
    },
    "profile": {
      "common": "  echo \"🎛  $PROJECT_NAME — node $(node --version), faust $(faust --version 2>&1 | head -1 | cut -d' ' -f3)\"\n"
    },
    "options": {
      "systems": [
        "aarch64-darwin",
        "x86_64-darwin",
        "aarch64-linux",
        "x86_64-linux"
      ]
    }
  },
  "packages": [
    {
      "attr_path": "esbuild",
      "broken": false,
      "derivation": "/nix/store/1jn6qp5wrrw1yvf5i4xbw53kimbay5q5-esbuild-0.27.2.drv",
      "description": "Extremely fast JavaScript bundler",
      "install_id": "esbuild",
      "license": "MIT",
      "locked_url": "https://github.com/flox/nixpkgs?rev=549bd84d6279f9852cae6225e372cc67fb91a4c1",
      "name": "esbuild-0.27.2",
      "pname": "esbuild",
      "rev": "549bd84d6279f9852cae6225e372cc67fb91a4c1",
      "rev_count": 992384,
      "rev_date": "2026-05-05T04:14:16Z",
      "scrape_date": "2026-05-06T08:07:16.146949Z",
      "stabilities": [
        "unstable"
      ],
      "unfree": false,
      "version": "0.27.2",
      "outputs_to_install": [
        "out"
      ],
      "outputs": {
        "out": "/nix/store/ldy15sjgdw3y55jz8ic6ldwcf3ninr6i-esbuild-0.27.2"
      },
      "system": "aarch64-darwin",
      "group": "toplevel",
      "priority": 5
    },
    {
      "attr_path": "esbuild",
      "broken": false,
      "derivation": "/nix/store/dcykfk05qs62alvs79wkpfc0p4di3kgh-esbuild-0.27.2.drv",
      "description": "Extremely fast JavaScript bundler",
      "install_id": "esbuild",
      "license": "MIT",
      "locked_url": "https://github.com/flox/nixpkgs?rev=549bd84d6279f9852cae6225e372cc67fb91a4c1",
      "name": "esbuild-0.27.2",
      "pname": "esbuild",
      "rev": "549bd84d6279f9852cae6225e372cc67fb91a4c1",
      "rev_count": 992384,
      "rev_date": "2026-05-05T04:14:16Z",
      "scrape_date": "2026-05-06T08:43:45.394498Z",
      "stabilities": [
        "unstable"
      ],
      "unfree": false,
      "version": "0.27.2",
      "outputs_to_install": [
        "out"
      ],
      "outputs": {
        "out": "/nix/store/rfbpzr45cl0f4ph93h69jxwcc94j696r-esbuild-0.27.2"
      },
      "system": "aarch64-linux",
      "group": "toplevel",
      "priority": 5
    },
    {
      "attr_path": "esbuild",
      "broken": false,
      "derivation": "/nix/store/bir8wpng69rqv95zld5nkp18ckc9zliy-esbuild-0.27.2.drv",
      "description": "Extremely fast JavaScript bundler",
      "install_id": "esbuild",
      "license": "MIT",
      "locked_url": "https://github.com/flox/nixpkgs?rev=549bd84d6279f9852cae6225e372cc67fb91a4c1",
      "name": "esbuild-0.27.2",
      "pname": "esbuild",
      "rev": "549bd84d6279f9852cae6225e372cc67fb91a4c1",
      "rev_count": 992384,
      "rev_date": "2026-05-05T04:14:16Z",
      "scrape_date": "2026-05-06T09:16:10.070182Z",
      "stabilities": [
        "unstable"
      ],
      "unfree": false,
      "version": "0.27.2",
      "outputs_to_install": [
        "out"
      ],
      "outputs": {
        "out": "/nix/store/5k2n2n71jxlsj96dpi7s6080xkrmdi7z-esbuild-0.27.2"
      },
      "system": "x86_64-darwin",
      "group": "toplevel",
      "priority": 5
    },
    {
      "attr_path": "esbuild",
      "broken": false,
      "derivation": "/nix/store/4p84zsyad45q5p5iibqi3j878469f5n5-esbuild-0.27.2.drv",
      "description": "Extremely fast JavaScript bundler",
      "install_id": "esbuild",
      "license": "MIT",
      "locked_url": "https://github.com/flox/nixpkgs?rev=549bd84d6279f9852cae6225e372cc67fb91a4c1",
      "name": "esbuild-0.27.2",
      "pname": "esbuild",
      "rev": "549bd84d6279f9852cae6225e372cc67fb91a4c1",
      "rev_count": 992384,
      "rev_date": "2026-05-05T04:14:16Z",
      "scrape_date": "2026-05-06T09:52:24.177816Z",
      "stabilities": [
        "unstable"
      ],
      "unfree": false,
      "version": "0.27.2",
      "outputs_to_install": [
        "out"
      ],
      "outputs": {
        "out": "/nix/store/0h8s522v7mrislwnm0rzklfnnpc9p03h-esbuild-0.27.2"
      },
      "system": "x86_64-linux",
      "group": "toplevel",
      "priority": 5
    },
    {
      "attr_path": "faust2",
      "broken": false,
      "derivation": "/nix/store/476y6kj506gjcjc9bcyjdbflhyihbfry-faust-2.85.5.drv",
      "description": "Functional programming language for realtime audio signal processing",
      "install_id": "faust2",
      "license": "GPL-2.0",
      "locked_url": "https://github.com/flox/nixpkgs?rev=549bd84d6279f9852cae6225e372cc67fb91a4c1",
      "name": "faust-2.85.5",
      "pname": "faust2",
      "rev": "549bd84d6279f9852cae6225e372cc67fb91a4c1",
      "rev_count": 992384,
      "rev_date": "2026-05-05T04:14:16Z",
      "scrape_date": "2026-05-06T08:07:16.200369Z",
      "stabilities": [
        "unstable"
      ],
      "unfree": false,
      "version": "2.85.5",
      "outputs_to_install": [
        "out"
      ],
      "outputs": {
        "out": "/nix/store/p8mls38ihyd10j7fimvsi2h1g961048f-faust-2.85.5"
      },
      "system": "aarch64-darwin",
      "group": "toplevel",
      "priority": 5
    },
    {
      "attr_path": "faust2",
      "broken": false,
      "derivation": "/nix/store/zhdmm449jn81zdm6zrik77yvvmjwd62w-faust-2.85.5.drv",
      "description": "Functional programming language for realtime audio signal processing",
      "install_id": "faust2",
      "license": "GPL-2.0",
      "locked_url": "https://github.com/flox/nixpkgs?rev=549bd84d6279f9852cae6225e372cc67fb91a4c1",
      "name": "faust-2.85.5",
      "pname": "faust2",
      "rev": "549bd84d6279f9852cae6225e372cc67fb91a4c1",
      "rev_count": 992384,
      "rev_date": "2026-05-05T04:14:16Z",
      "scrape_date": "2026-05-06T08:43:45.483244Z",
      "stabilities": [
        "unstable"
      ],
      "unfree": false,
      "version": "2.85.5",
      "outputs_to_install": [
        "out"
      ],
      "outputs": {
        "out": "/nix/store/hf2706gxkrpafpyildriali5fd71qyi4-faust-2.85.5"
      },
      "system": "aarch64-linux",
      "group": "toplevel",
      "priority": 5
    },
    {
      "attr_path": "faust2",
      "broken": false,
      "derivation": "/nix/store/xybql07wym852sfpk020n39wawcrjcd2-faust-2.85.5.drv",
      "description": "Functional programming language for realtime audio signal processing",
      "install_id": "faust2",
      "license": "GPL-2.0",
      "locked_url": "https://github.com/flox/nixpkgs?rev=549bd84d6279f9852cae6225e372cc67fb91a4c1",
      "name": "faust-2.85.5",
      "pname": "faust2",
      "rev": "549bd84d6279f9852cae6225e372cc67fb91a4c1",
      "rev_count": 992384,
      "rev_date": "2026-05-05T04:14:16Z",
      "scrape_date": "2026-05-06T09:16:10.123294Z",
      "stabilities": [
        "unstable"
      ],
      "unfree": false,
      "version": "2.85.5",
      "outputs_to_install": [
        "out"
      ],
      "outputs": {
        "out": "/nix/store/bckipc85icni1h0nwdb9705l28k47x1k-faust-2.85.5"
      },
      "system": "x86_64-darwin",
      "group": "toplevel",
      "priority": 5
    },
    {
      "attr_path": "faust2",
      "broken": false,
      "derivation": "/nix/store/jdgy70pynl03m5c2v8dlll12azp0si56-faust-2.85.5.drv",
      "description": "Functional programming language for realtime audio signal processing",
      "install_id": "faust2",
      "license": "GPL-2.0",
      "locked_url": "https://github.com/flox/nixpkgs?rev=549bd84d6279f9852cae6225e372cc67fb91a4c1",
      "name": "faust-2.85.5",
      "pname": "faust2",
      "rev": "549bd84d6279f9852cae6225e372cc67fb91a4c1",
      "rev_count": 992384,
      "rev_date": "2026-05-05T04:14:16Z",
      "scrape_date": "2026-05-06T09:52:24.288523Z",
      "stabilities": [
        "unstable"
      ],
      "unfree": false,
      "version": "2.85.5",
      "outputs_to_install": [
        "out"
      ],
      "outputs": {
        "out": "/nix/store/gqz4966r37v5flb8f4nczx6schslyjqg-faust-2.85.5"
      },
      "system": "x86_64-linux",
      "group": "toplevel",
      "priority": 5
    },
    {
      "attr_path": "flyctl",
      "broken": false,
      "derivation": "/nix/store/r5lf7a1yw7c793dvcvgn609ir2xk25qh-flyctl-0.4.42.drv",
      "description": "Command line tools for fly.io services",
      "install_id": "flyctl",
      "license": "Apache-2.0",
      "locked_url": "https://github.com/flox/nixpkgs?rev=549bd84d6279f9852cae6225e372cc67fb91a4c1",
      "name": "flyctl-0.4.42",
      "pname": "flyctl",
      "rev": "549bd84d6279f9852cae6225e372cc67fb91a4c1",
      "rev_count": 992384,
      "rev_date": "2026-05-05T04:14:16Z",
      "scrape_date": "2026-05-06T08:07:16.302400Z",
      "stabilities": [
        "unstable"
      ],
      "unfree": false,
      "version": "0.4.42",
      "outputs_to_install": [
        "out"
      ],
      "outputs": {
        "out": "/nix/store/yf3nqfkfdjmjdm8mvmidlcfswwk55f98-flyctl-0.4.42"
      },
      "system": "aarch64-darwin",
      "group": "toplevel",
      "priority": 5
    },
    {
      "attr_path": "flyctl",
      "broken": false,
      "derivation": "/nix/store/7qf0l2x4p1m1jgrb7ss6ydkns5hc6fli-flyctl-0.4.42.drv",
      "description": "Command line tools for fly.io services",
      "install_id": "flyctl",
      "license": "Apache-2.0",
      "locked_url": "https://github.com/flox/nixpkgs?rev=549bd84d6279f9852cae6225e372cc67fb91a4c1",
      "name": "flyctl-0.4.42",
      "pname": "flyctl",
      "rev": "549bd84d6279f9852cae6225e372cc67fb91a4c1",
      "rev_count": 992384,
      "rev_date": "2026-05-05T04:14:16Z",
      "scrape_date": "2026-05-06T08:43:45.657211Z",
      "stabilities": [
        "unstable"
      ],
      "unfree": false,
      "version": "0.4.42",
      "outputs_to_install": [
        "out"
      ],
      "outputs": {
        "out": "/nix/store/cm3nsdbrly9d2l7mkijb5dihlbxrv4w2-flyctl-0.4.42"
      },
      "system": "aarch64-linux",
      "group": "toplevel",
      "priority": 5
    },
    {
      "attr_path": "flyctl",
      "broken": false,
      "derivation": "/nix/store/737a2hdg1vcxi301a2z60mpafibqznxk-flyctl-0.4.42.drv",
      "description": "Command line tools for fly.io services",
      "install_id": "flyctl",
      "license": "Apache-2.0",
      "locked_url": "https://github.com/flox/nixpkgs?rev=549bd84d6279f9852cae6225e372cc67fb91a4c1",
      "name": "flyctl-0.4.42",
      "pname": "flyctl",
      "rev": "549bd84d6279f9852cae6225e372cc67fb91a4c1",
      "rev_count": 992384,
      "rev_date": "2026-05-05T04:14:16Z",
      "scrape_date": "2026-05-06T09:16:10.226896Z",
      "stabilities": [
        "unstable"
      ],
      "unfree": false,
      "version": "0.4.42",
      "outputs_to_install": [
        "out"
      ],
      "outputs": {
        "out": "/nix/store/8g50q7qx3ssfjzds219ccnnl9n23qcf8-flyctl-0.4.42"
      },
      "system": "x86_64-darwin",
      "group": "toplevel",
      "priority": 5
    },
    {
      "attr_path": "flyctl",
      "broken": false,
      "derivation": "/nix/store/qz8jp4nldzg4k82wwcw4h7sh3327311c-flyctl-0.4.42.drv",
      "description": "Command line tools for fly.io services",
      "install_id": "flyctl",
      "license": "Apache-2.0",
      "locked_url": "https://github.com/flox/nixpkgs?rev=549bd84d6279f9852cae6225e372cc67fb91a4c1",
      "name": "flyctl-0.4.42",
      "pname": "flyctl",
      "rev": "549bd84d6279f9852cae6225e372cc67fb91a4c1",
      "rev_count": 992384,
      "rev_date": "2026-05-05T04:14:16Z",
      "scrape_date": "2026-05-06T09:52:24.472371Z",
      "stabilities": [
        "unstable"
      ],
      "unfree": false,
      "version": "0.4.42",
      "outputs_to_install": [
        "out"
      ],
      "outputs": {
        "out": "/nix/store/irc2pa5wsxcy8nfrp8gz20dygnvkal52-flyctl-0.4.42"
      },
      "system": "x86_64-linux",
      "group": "toplevel",
      "priority": 5
    },
    {
      "attr_path": "gh",
      "broken": false,
      "derivation": "/nix/store/43bxjypc0n9qj4krksnjyqv1kwwv3vag-gh-2.92.0.drv",
      "description": "GitHub CLI tool",
      "install_id": "gh",
      "license": "MIT",
      "locked_url": "https://github.com/flox/nixpkgs?rev=549bd84d6279f9852cae6225e372cc67fb91a4c1",
      "name": "gh-2.92.0",
      "pname": "gh",
      "rev": "549bd84d6279f9852cae6225e372cc67fb91a4c1",
      "rev_count": 992384,
      "rev_date": "2026-05-05T04:14:16Z",
      "scrape_date": "2026-05-06T08:07:16.478199Z",
      "stabilities": [
        "unstable"
      ],
      "unfree": false,
      "version": "2.92.0",
      "outputs_to_install": [
        "out",
        "out"
      ],
      "outputs": {
        "out": "/nix/store/iqnlcrakmwilxwwm2v127lvic5f11wj4-gh-2.92.0"
      },
      "system": "aarch64-darwin",
      "group": "toplevel",
      "priority": 5
    },
    {
      "attr_path": "gh",
      "broken": false,
      "derivation": "/nix/store/rbcx0cd44k66ksaggqyd85d5rmjxx0pd-gh-2.92.0.drv",
      "description": "GitHub CLI tool",
      "install_id": "gh",
      "license": "MIT",
      "locked_url": "https://github.com/flox/nixpkgs?rev=549bd84d6279f9852cae6225e372cc67fb91a4c1",
      "name": "gh-2.92.0",
      "pname": "gh",
      "rev": "549bd84d6279f9852cae6225e372cc67fb91a4c1",
      "rev_count": 992384,
      "rev_date": "2026-05-05T04:14:16Z",
      "scrape_date": "2026-05-06T08:43:45.932583Z",
      "stabilities": [
        "unstable"
      ],
      "unfree": false,
      "version": "2.92.0",
      "outputs_to_install": [
        "out",
        "out"
      ],
      "outputs": {
        "out": "/nix/store/rh89irgvdyragn9269ja281wz97rrzjp-gh-2.92.0"
      },
      "system": "aarch64-linux",
      "group": "toplevel",
      "priority": 5
    },
    {
      "attr_path": "gh",
      "broken": false,
      "derivation": "/nix/store/j8nylxrmk2bj035bksdkxq23hi3hr70f-gh-2.92.0.drv",
      "description": "GitHub CLI tool",
      "install_id": "gh",
      "license": "MIT",
      "locked_url": "https://github.com/flox/nixpkgs?rev=549bd84d6279f9852cae6225e372cc67fb91a4c1",
      "name": "gh-2.92.0",
      "pname": "gh",
      "rev": "549bd84d6279f9852cae6225e372cc67fb91a4c1",
      "rev_count": 992384,
      "rev_date": "2026-05-05T04:14:16Z",
      "scrape_date": "2026-05-06T09:16:10.390996Z",
      "stabilities": [
        "unstable"
      ],
      "unfree": false,
      "version": "2.92.0",
      "outputs_to_install": [
        "out",
        "out"
      ],
      "outputs": {
        "out": "/nix/store/v2baccv5siwfhqdk8lz570vncd3i5ali-gh-2.92.0"
      },
      "system": "x86_64-darwin",
      "group": "toplevel",
      "priority": 5
    },
    {
      "attr_path": "gh",
      "broken": false,
      "derivation": "/nix/store/zhcp7aiz84gviczr4pazv1jny67j4xn2-gh-2.92.0.drv",
      "description": "GitHub CLI tool",
      "install_id": "gh",
      "license": "MIT",
      "locked_url": "https://github.com/flox/nixpkgs?rev=549bd84d6279f9852cae6225e372cc67fb91a4c1",
      "name": "gh-2.92.0",
      "pname": "gh",
      "rev": "549bd84d6279f9852cae6225e372cc67fb91a4c1",
      "rev_count": 992384,
      "rev_date": "2026-05-05T04:14:16Z",
      "scrape_date": "2026-05-06T09:52:24.765092Z",
      "stabilities": [
        "unstable"
      ],
      "unfree": false,
      "version": "2.92.0",
      "outputs_to_install": [
        "out",
        "out"
      ],
      "outputs": {
        "out": "/nix/store/y3m73nv1ry783kqfjqq17p3kxxaxx5d1-gh-2.92.0"
      },
      "system": "x86_64-linux",
      "group": "toplevel",
      "priority": 5
    },
    {
      "attr_path": "git-lfs",
      "broken": false,
      "derivation": "/nix/store/mvq5yd4rmvpg40ihrhb5a1zp3x82p52j-git-lfs-3.7.1.drv",
      "description": "Git extension for versioning large files",
      "install_id": "git-lfs",
      "license": "MIT",
      "locked_url": "https://github.com/flox/nixpkgs?rev=549bd84d6279f9852cae6225e372cc67fb91a4c1",
      "name": "git-lfs-3.7.1",
      "pname": "git-lfs",
      "rev": "549bd84d6279f9852cae6225e372cc67fb91a4c1",
      "rev_count": 992384,
      "rev_date": "2026-05-05T04:14:16Z",
      "scrape_date": "2026-05-06T08:07:16.536140Z",
      "stabilities": [
        "unstable"
      ],
      "unfree": false,
      "version": "3.7.1",
      "outputs_to_install": [
        "out"
      ],
      "outputs": {
        "out": "/nix/store/k4xn1n4xfvjjjf6rn6k1drcs88dhvnv9-git-lfs-3.7.1"
      },
      "system": "aarch64-darwin",
      "group": "toplevel",
      "priority": 5
    },
    {
      "attr_path": "git-lfs",
      "broken": false,
      "derivation": "/nix/store/iqcqk78znxc8x1av3gnhgvhfh8q9rnj2-git-lfs-3.7.1.drv",
      "description": "Git extension for versioning large files",
      "install_id": "git-lfs",
      "license": "MIT",
      "locked_url": "https://github.com/flox/nixpkgs?rev=549bd84d6279f9852cae6225e372cc67fb91a4c1",
      "name": "git-lfs-3.7.1",
      "pname": "git-lfs",
      "rev": "549bd84d6279f9852cae6225e372cc67fb91a4c1",
      "rev_count": 992384,
      "rev_date": "2026-05-05T04:14:16Z",
      "scrape_date": "2026-05-06T08:43:46.011964Z",
      "stabilities": [
        "unstable"
      ],
      "unfree": false,
      "version": "3.7.1",
      "outputs_to_install": [
        "out"
      ],
      "outputs": {
        "out": "/nix/store/jc8mk19rf5rb14qhl5a0mn2qqad5jryl-git-lfs-3.7.1"
      },
      "system": "aarch64-linux",
      "group": "toplevel",
      "priority": 5
    },
    {
      "attr_path": "git-lfs",
      "broken": false,
      "derivation": "/nix/store/9gdj5lvgld0cnn6nzz3wwn2c03nxhjaf-git-lfs-3.7.1.drv",
      "description": "Git extension for versioning large files",
      "install_id": "git-lfs",
      "license": "MIT",
      "locked_url": "https://github.com/flox/nixpkgs?rev=549bd84d6279f9852cae6225e372cc67fb91a4c1",
      "name": "git-lfs-3.7.1",
      "pname": "git-lfs",
      "rev": "549bd84d6279f9852cae6225e372cc67fb91a4c1",
      "rev_count": 992384,
      "rev_date": "2026-05-05T04:14:16Z",
      "scrape_date": "2026-05-06T09:16:10.447681Z",
      "stabilities": [
        "unstable"
      ],
      "unfree": false,
      "version": "3.7.1",
      "outputs_to_install": [
        "out"
      ],
      "outputs": {
        "out": "/nix/store/kjhhfp3zr2g6maq2cij70x0ca5752kpj-git-lfs-3.7.1"
      },
      "system": "x86_64-darwin",
      "group": "toplevel",
      "priority": 5
    },
    {
      "attr_path": "git-lfs",
      "broken": false,
      "derivation": "/nix/store/dzgyi2bq8c7pbqr799h7jx7lqd80zi5i-git-lfs-3.7.1.drv",
      "description": "Git extension for versioning large files",
      "install_id": "git-lfs",
      "license": "MIT",
      "locked_url": "https://github.com/flox/nixpkgs?rev=549bd84d6279f9852cae6225e372cc67fb91a4c1",
      "name": "git-lfs-3.7.1",
      "pname": "git-lfs",
      "rev": "549bd84d6279f9852cae6225e372cc67fb91a4c1",
      "rev_count": 992384,
      "rev_date": "2026-05-05T04:14:16Z",
      "scrape_date": "2026-05-06T09:52:24.847856Z",
      "stabilities": [
        "unstable"
      ],
      "unfree": false,
      "version": "3.7.1",
      "outputs_to_install": [
        "out"
      ],
      "outputs": {
        "out": "/nix/store/8b47c3g891m800yhdvpd7br2vrs231jh-git-lfs-3.7.1"
      },
      "system": "x86_64-linux",
      "group": "toplevel",
      "priority": 5
    },
    {
      "attr_path": "go-task",
      "broken": false,
      "derivation": "/nix/store/nb7wzw4x040dz0zxvg987i0vv89fa6ck-go-task-3.48.0.drv",
      "description": "Task runner / simpler Make alternative written in Go",
      "install_id": "go-task",
      "license": "MIT",
      "locked_url": "https://github.com/flox/nixpkgs?rev=549bd84d6279f9852cae6225e372cc67fb91a4c1",
      "name": "go-task-3.48.0",
      "pname": "go-task",
      "rev": "549bd84d6279f9852cae6225e372cc67fb91a4c1",
      "rev_count": 992384,
      "rev_date": "2026-05-05T04:14:16Z",
      "scrape_date": "2026-05-06T08:07:16.665937Z",
      "stabilities": [
        "unstable"
      ],
      "unfree": false,
      "version": "3.48.0",
      "outputs_to_install": [
        "out"
      ],
      "outputs": {
        "out": "/nix/store/gx97hxd28ymbxf2nj4kq6masld4qk7yw-go-task-3.48.0"
      },
      "system": "aarch64-darwin",
      "group": "toplevel",
      "priority": 5
    },
    {
      "attr_path": "go-task",
      "broken": false,
      "derivation": "/nix/store/y3q5bpvw5smpm2y97azm4sp8cin7l9vg-go-task-3.48.0.drv",
      "description": "Task runner / simpler Make alternative written in Go",
      "install_id": "go-task",
      "license": "MIT",
      "locked_url": "https://github.com/flox/nixpkgs?rev=549bd84d6279f9852cae6225e372cc67fb91a4c1",
      "name": "go-task-3.48.0",
      "pname": "go-task",
      "rev": "549bd84d6279f9852cae6225e372cc67fb91a4c1",
      "rev_count": 992384,
      "rev_date": "2026-05-05T04:14:16Z",
      "scrape_date": "2026-05-06T08:43:46.695792Z",
      "stabilities": [
        "unstable"
      ],
      "unfree": false,
      "version": "3.48.0",
      "outputs_to_install": [
        "out"
      ],
      "outputs": {
        "out": "/nix/store/di0pkf2d113g9nkcbm4p51sgivfbkcxg-go-task-3.48.0"
      },
      "system": "aarch64-linux",
      "group": "toplevel",
      "priority": 5
    },
    {
      "attr_path": "go-task",
      "broken": false,
      "derivation": "/nix/store/31ix4zbv7rw8zrw0m4qkqb8pjlpd7nrp-go-task-3.48.0.drv",
      "description": "Task runner / simpler Make alternative written in Go",
      "install_id": "go-task",
      "license": "MIT",
      "locked_url": "https://github.com/flox/nixpkgs?rev=549bd84d6279f9852cae6225e372cc67fb91a4c1",
      "name": "go-task-3.48.0",
      "pname": "go-task",
      "rev": "549bd84d6279f9852cae6225e372cc67fb91a4c1",
      "rev_count": 992384,
      "rev_date": "2026-05-05T04:14:16Z",
      "scrape_date": "2026-05-06T09:16:10.602588Z",
      "stabilities": [
        "unstable"
      ],
      "unfree": false,
      "version": "3.48.0",
      "outputs_to_install": [
        "out"
      ],
      "outputs": {
        "out": "/nix/store/4mdamkq6v7xi11525ah95nb4psdd1a9m-go-task-3.48.0"
      },
      "system": "x86_64-darwin",
      "group": "toplevel",
      "priority": 5
    },
    {
      "attr_path": "go-task",
      "broken": false,
      "derivation": "/nix/store/48fsygvnlrh7g8na7y0wxc750bqwpzpc-go-task-3.48.0.drv",
      "description": "Task runner / simpler Make alternative written in Go",
      "install_id": "go-task",
      "license": "MIT",
      "locked_url": "https://github.com/flox/nixpkgs?rev=549bd84d6279f9852cae6225e372cc67fb91a4c1",
      "name": "go-task-3.48.0",
      "pname": "go-task",
      "rev": "549bd84d6279f9852cae6225e372cc67fb91a4c1",
      "rev_count": 992384,
      "rev_date": "2026-05-05T04:14:16Z",
      "scrape_date": "2026-05-06T09:52:25.589580Z",
      "stabilities": [
        "unstable"
      ],
      "unfree": false,
      "version": "3.48.0",
      "outputs_to_install": [
        "out"
      ],
      "outputs": {
        "out": "/nix/store/gak3jfx9splyph60r0vvvv24vjcwyakx-go-task-3.48.0"
      },
      "system": "x86_64-linux",
      "group": "toplevel",
      "priority": 5
    },
    {
      "attr_path": "nodejs_22",
      "broken": false,
      "derivation": "/nix/store/7z888jncalxcpnyphznbh1nhjivfykvr-nodejs-22.22.2.drv",
      "description": "Event-driven I/O framework for the V8 JavaScript engine",
      "install_id": "nodejs_22",
      "license": "MIT",
      "locked_url": "https://github.com/flox/nixpkgs?rev=549bd84d6279f9852cae6225e372cc67fb91a4c1",
      "name": "nodejs-22.22.2",
      "pname": "nodejs_22",
      "rev": "549bd84d6279f9852cae6225e372cc67fb91a4c1",
      "rev_count": 992384,
      "rev_date": "2026-05-05T04:14:16Z",
      "scrape_date": "2026-05-06T08:07:39.837666Z",
      "stabilities": [
        "unstable"
      ],
      "unfree": false,
      "version": "22.22.2",
      "outputs_to_install": [
        "out",
        "out"
      ],
      "outputs": {
        "out": "/nix/store/0zb2cr3b9xlancr6s938s73pxfcbzji2-nodejs-22.22.2"
      },
      "system": "aarch64-darwin",
      "group": "toplevel",
      "priority": 5
    },
    {
      "attr_path": "nodejs_22",
      "broken": false,
      "derivation": "/nix/store/n0apilkyywlcbigbw22nvjjz3gh92ccs-nodejs-22.22.2.drv",
      "description": "Event-driven I/O framework for the V8 JavaScript engine",
      "install_id": "nodejs_22",
      "license": "MIT",
      "locked_url": "https://github.com/flox/nixpkgs?rev=549bd84d6279f9852cae6225e372cc67fb91a4c1",
      "name": "nodejs-22.22.2",
      "pname": "nodejs_22",
      "rev": "549bd84d6279f9852cae6225e372cc67fb91a4c1",
      "rev_count": 992384,
      "rev_date": "2026-05-05T04:14:16Z",
      "scrape_date": "2026-05-06T08:44:22.689758Z",
      "stabilities": [
        "unstable"
      ],
      "unfree": false,
      "version": "22.22.2",
      "outputs_to_install": [
        "out",
        "out"
      ],
      "outputs": {
        "out": "/nix/store/2axvilfkmlz8wfa9zimidv5l1cydi4kc-nodejs-22.22.2"
      },
      "system": "aarch64-linux",
      "group": "toplevel",
      "priority": 5
    },
    {
      "attr_path": "nodejs_22",
      "broken": false,
      "derivation": "/nix/store/0y4ibzz247xhp9qy6fq9nvflganyxfxk-nodejs-22.22.2.drv",
      "description": "Event-driven I/O framework for the V8 JavaScript engine",
      "install_id": "nodejs_22",
      "license": "MIT",
      "locked_url": "https://github.com/flox/nixpkgs?rev=549bd84d6279f9852cae6225e372cc67fb91a4c1",
      "name": "nodejs-22.22.2",
      "pname": "nodejs_22",
      "rev": "549bd84d6279f9852cae6225e372cc67fb91a4c1",
      "rev_count": 992384,
      "rev_date": "2026-05-05T04:14:16Z",
      "scrape_date": "2026-05-06T09:16:33.775886Z",
      "stabilities": [
        "unstable"
      ],
      "unfree": false,
      "version": "22.22.2",
      "outputs_to_install": [
        "out",
        "out"
      ],
      "outputs": {
        "out": "/nix/store/5b95ias241mw7bp4bindlc5xxn66phjy-nodejs-22.22.2"
      },
      "system": "x86_64-darwin",
      "group": "toplevel",
      "priority": 5
    },
    {
      "attr_path": "nodejs_22",
      "broken": false,
      "derivation": "/nix/store/wghknzpsi55q382zl0x1b4kxi48b791f-nodejs-22.22.2.drv",
      "description": "Event-driven I/O framework for the V8 JavaScript engine",
      "install_id": "nodejs_22",
      "license": "MIT",
      "locked_url": "https://github.com/flox/nixpkgs?rev=549bd84d6279f9852cae6225e372cc67fb91a4c1",
      "name": "nodejs-22.22.2",
      "pname": "nodejs_22",
      "rev": "549bd84d6279f9852cae6225e372cc67fb91a4c1",
      "rev_count": 992384,
      "rev_date": "2026-05-05T04:14:16Z",
      "scrape_date": "2026-05-06T09:53:02.383579Z",
      "stabilities": [
        "unstable"
      ],
      "unfree": false,
      "version": "22.22.2",
      "outputs_to_install": [
        "out",
        "out"
      ],
      "outputs": {
        "out": "/nix/store/6x6v11xjf0psckgqmyhfyhw9bdma0rn6-nodejs-22.22.2"
      },
      "system": "x86_64-linux",
      "group": "toplevel",
      "priority": 5
    }
  ]
}
